
Microsoft Visual Studio Solution File, Format Version 12.00
# Visual Studio 15
VisualStudioVersion = 15.0.27130.2027
MinimumVisualStudioVersion = 10.0.40219.1
Project("{4DF76451-A46A-4C0B-BE03-459FAAFA07E6}") = "OpenData BR", "OpenData BR\OpenData BR.mproj", "{28C96E6A-0388-475D-9B38-DE99C8AF9ED2}"
EndProject
Global
	GlobalSection(SolutionConfigurationPlatforms) = preSolution
		Debug|x86 = Debug|x86
		Release|x86 = Release|x86
	EndGlobalSection
	GlobalSection(ProjectConfigurationPlatforms) = postSolution
		{28C96E6A-0388-475D-9B38-DE99C8AF9ED2}.Debug|x86.ActiveCfg = Debug|x86
		{28C96E6A-0388-475D-9B38-DE99C8AF9ED2}.Debug|x86.Build.0 = Debug|x86
		{28C96E6A-0388-475D-9B38-DE99C8AF9ED2}.Release|x86.ActiveCfg = Release|x86
		{28C96E6A-0388-475D-9B38-DE99C8AF9ED2}.Release|x86.Build.0 = Release|x86
	EndGlobalSection
	GlobalSection(SolutionProperties) = preSolution
		HideSolutionNode = FALSE
	EndGlobalSection
	GlobalSection(ExtensibilityGlobals) = postSolution
		SolutionGuid = {012BC90E-DFC7-4FF5-8F43-3FDCF08240CA}
	EndGlobalSection
EndGlobal
